
Microsoft Visual Studio Solution File, Format Version 12.00
# 
Project("{FAE04EC0-301F-11D3-BF4B-00C04F79EFBC}") = "API", "API\API.csproj", "{4060A43A-B5A6-4684-A06A-B721226BA70A}"
EndProject
Project("{FAE04EC0-301F-11D3-BF4B-00C04F79EFBC}") = "Infrastructure", "Infrastructure\Infrastructure.csproj", "{24E33ED1-EC4D-49CB-AE50-6DEE2745C261}"
EndProject
Project("{FAE04EC0-301F-11D3-BF4B-00C04F79EFBC}") = "Application", "Application\Application.csproj", "{5123FA45-C58F-4846-B027-3BABE287D76F}"
EndProject
Project("{FAE04EC0-301F-11D3-BF4B-00C04F79EFBC}") = "Domain", "Domain\Domain.csproj", "{42D8DDAF-30EA-4DBA-8C24-BFE3FCBF886A}"
EndProject
Project("{FAE04EC0-301F-11D3-BF4B-00C04F79EFBC}") = "Utilities", "Utilities\Utilities.csproj", "{432713EF-4A43-4352-A928-EC884A1E71F2}"
EndProject
Global
	GlobalSection(SolutionConfigurationPlatforms) = preSolution
		Debug|Any CPU = Debug|Any CPU
		Release|Any CPU = Release|Any CPU
	EndGlobalSection
	GlobalSection(ProjectConfigurationPlatforms) = postSolution
		{4060A43A-B5A6-4684-A06A-B721226BA70A}.Debug|Any CPU.ActiveCfg = Debug|Any CPU
		{4060A43A-B5A6-4684-A06A-B721226BA70A}.Debug|Any CPU.Build.0 = Debug|Any CPU
		{4060A43A-B5A6-4684-A06A-B721226BA70A}.Release|Any CPU.ActiveCfg = Release|Any CPU
		{4060A43A-B5A6-4684-A06A-B721226BA70A}.Release|Any CPU.Build.0 = Release|Any CPU
		{24E33ED1-EC4D-49CB-AE50-6DEE2745C261}.Debug|Any CPU.ActiveCfg = Debug|Any CPU
		{24E33ED1-EC4D-49CB-AE50-6DEE2745C261}.Debug|Any CPU.Build.0 = Debug|Any CPU
		{24E33ED1-EC4D-49CB-AE50-6DEE2745C261}.Release|Any CPU.ActiveCfg = Release|Any CPU
		{24E33ED1-EC4D-49CB-AE50-6DEE2745C261}.Release|Any CPU.Build.0 = Release|Any CPU
		{5123FA45-C58F-4846-B027-3BABE287D76F}.Debug|Any CPU.ActiveCfg = Debug|Any CPU
		{5123FA45-C58F-4846-B027-3BABE287D76F}.Debug|Any CPU.Build.0 = Debug|Any CPU
		{5123FA45-C58F-4846-B027-3BABE287D76F}.Release|Any CPU.ActiveCfg = Release|Any CPU
		{5123FA45-C58F-4846-B027-3BABE287D76F}.Release|Any CPU.Build.0 = Release|Any CPU
		{42D8DDAF-30EA-4DBA-8C24-BFE3FCBF886A}.Debug|Any CPU.ActiveCfg = Debug|Any CPU
		{42D8DDAF-30EA-4DBA-8C24-BFE3FCBF886A}.Debug|Any CPU.Build.0 = Debug|Any CPU
		{42D8DDAF-30EA-4DBA-8C24-BFE3FCBF886A}.Release|Any CPU.ActiveCfg = Release|Any CPU
		{42D8DDAF-30EA-4DBA-8C24-BFE3FCBF886A}.Release|Any CPU.Build.0 = Release|Any CPU
		{432713EF-4A43-4352-A928-EC884A1E71F2}.Debug|Any CPU.ActiveCfg = Debug|Any CPU
		{432713EF-4A43-4352-A928-EC884A1E71F2}.Debug|Any CPU.Build.0 = Debug|Any CPU
		{432713EF-4A43-4352-A928-EC884A1E71F2}.Release|Any CPU.ActiveCfg = Release|Any CPU
		{432713EF-4A43-4352-A928-EC884A1E71F2}.Release|Any CPU.Build.0 = Release|Any CPU
	EndGlobalSection
EndGlobal
